
Microsoft Visual Studio Solution File, Format Version 12.00
# Visual Studio Version 16
VisualStudioVersion = 16.0.31702.278
MinimumVisualStudioVersion = 10.0.40219.1
Project("{FAE04EC0-301F-11D3-BF4B-00C04F79EFBC}") = "Lesson1Site", "Lesson1Site\Lesson1Site.csproj", "{55E1C267-B0E7-4FC7-8D16-30CB2C2873D4}"
EndProject
Global
	GlobalSection(SolutionConfigurationPlatforms) = preSolution
		Debug|Any CPU = Debug|Any CPU
		Release|Any CPU = Release|Any CPU
	EndGlobalSection
	GlobalSection(ProjectConfigurationPlatforms) = postSolution
		{55E1C267-B0E7-4FC7-8D16-30CB2C2873D4}.Debug|Any CPU.ActiveCfg = Debug|Any CPU
		{55E1C267-B0E7-4FC7-8D16-30CB2C2873D4}.Debug|Any CPU.Build.0 = Debug|Any CPU
		{55E1C267-B0E7-4FC7-8D16-30CB2C2873D4}.Release|Any CPU.ActiveCfg = Release|Any CPU
		{55E1C267-B0E7-4FC7-8D16-30CB2C2873D4}.Release|Any CPU.Build.0 = Release|Any CPU
	EndGlobalSection
	GlobalSection(SolutionProperties) = preSolution
		HideSolutionNode = FALSE
	EndGlobalSection
	GlobalSection(ExtensibilityGlobals) = postSolution
		SolutionGuid = {AAC16204-EC93-48A0-9F93-D4D10AF67DE6}
	EndGlobalSection
EndGlobal
